// !$*UTF8*$!
{
	archiveVersion = 1;
	classes = {
	};
	objectVersion = 48;
	objects = {

/* Begin PBXBuildFile section */
		16D66BFD20AA429E00780CF9 /* GoogleService-Info.plist in Resources */ = {isa = PBXBuildFile; fileRef = 16D66BFC20AA429E00780CF9 /* GoogleService-Info.plist */; };
		692FBCF520AD3CC4005B6E67 /* Main.storyboard in Resources */ = {isa = PBXBuildFile; fileRef = 692FBCF420AD3CC4005B6E67 /* Main.storyboard */; };
		6932830E20A6CCFF0083EBAE /* AppDelegate.swift in Sources */ = {isa = PBXBuildFile; fileRef = 6932830D20A6CCFF0083EBAE /* AppDelegate.swift */; };
		6932831020A6CCFF0083EBAE /* ViewController.swift in Sources */ = {isa = PBXBuildFile; fileRef = 6932830F20A6CCFF0083EBAE /* ViewController.swift */; };
		6932831520A6CCFF0083EBAE /* Assets.xcassets in Resources */ = {isa = PBXBuildFile; fileRef = 6932831420A6CCFF0083EBAE /* Assets.xcassets */; };
		6932831820A6CCFF0083EBAE /* LaunchScreen.storyboard in Resources */ = {isa = PBXBuildFile; fileRef = 6932831620A6CCFF0083EBAE /* LaunchScreen.storyboard */; };
		6938607220B2AA7F00B65439 /* CreateRoomViewController.swift in Sources */ = {isa = PBXBuildFile; fileRef = 6938607120B2AA7F00B65439 /* CreateRoomViewController.swift */; };
		6938607420B2AFC800B65439 /* RoomsViewController.swift in Sources */ = {isa = PBXBuildFile; fileRef = 6938607320B2AFC800B65439 /* RoomsViewController.swift */; };
		6938607620B2B05400B65439 /* SettingsViewController.swift in Sources */ = {isa = PBXBuildFile; fileRef = 6938607520B2B05400B65439 /* SettingsViewController.swift */; };
		98E62E6332BE3E7A195AFB35 /* Pods_RandomChat.framework in Frameworks */ = {isa = PBXBuildFile; fileRef = A8FAC8A04CF0C02876CE5D30 /* Pods_RandomChat.framework */; };
/* End PBXBuildFile section */

/* Begin PBXFileReference section */
		16D66BFC20AA429E00780CF9 /* GoogleService-Info.plist */ = {isa = PBXFileReference; fileEncoding = 4; lastKnownFileType = text.plist.xml; path = "GoogleService-Info.plist"; sourceTree = "<group>"; };
		692FBCF420AD3CC4005B6E67 /* Main.storyboard */ = {isa = PBXFileReference; lastKnownFileType = file.storyboard; path = Main.storyboard; sourceTree = "<group>"; };
		6932830A20A6CCFF0083EBAE /* RandomChat.app */ = {isa = PBXFileReference; explicitFileType = wrapper.application; includeInIndex = 0; path = RandomChat.app; sourceTree = BUILT_PRODUCTS_DIR; };
		6932830D20A6CCFF0083EBAE /* AppDelegate.swift */ = {isa = PBXFileReference; lastKnownFileType = sourcecode.swift; path = AppDelegate.swift; sourceTree = "<group>"; };
		6932830F20A6CCFF0083EBAE /* ViewController.swift */ = {isa = PBXFileReference; lastKnownFileType = sourcecode.swift; path = ViewController.swift; sourceTree = "<group>"; };
		6932831420A6CCFF0083EBAE /* Assets.xcassets */ = {isa = PBXFileReference; lastKnownFileType = folder.assetcatalog; path = Assets.xcassets; sourceTree = "<group>"; };
		6932831720A6CCFF0083EBAE /* Base */ = {isa = PBXFileReference; lastKnownFileType = file.storyboard; name = Base; path = Base.lproj/LaunchScreen.storyboard; sourceTree = "<group>"; };
		6932831920A6CCFF0083EBAE /* Info.plist */ = {isa = PBXFileReference; lastKnownFileType = text.plist.xml; path = Info.plist; sourceTree = "<group>"; };
		6938607120B2AA7F00B65439 /* CreateRoomViewController.swift */ = {isa = PBXFileReference; lastKnownFileType = sourcecode.swift; path = CreateRoomViewController.swift; sourceTree = "<group>"; };
		6938607320B2AFC800B65439 /* RoomsViewController.swift */ = {isa = PBXFileReference; lastKnownFileType = sourcecode.swift; path = RoomsViewController.swift; sourceTree = "<group>"; };
		6938607520B2B05400B65439 /* SettingsViewController.swift */ = {isa = PBXFileReference; lastKnownFileType = sourcecode.swift; path = SettingsViewController.swift; sourceTree = "<group>"; };
		981AFA610BFAA0FD090C44A3 /* Pods-RandomChat.debug.xcconfig */ = {isa = PBXFileReference; includeInIndex = 1; lastKnownFileType = text.xcconfig; name = "Pods-RandomChat.debug.xcconfig"; path = "Pods/Target Support Files/Pods-RandomChat/Pods-RandomChat.debug.xcconfig"; sourceTree = "<group>"; };
		A3DC34E6C3BD70E772C45782 /* Pods-RandomChat.release.xcconfig */ = {isa = PBXFileReference; includeInIndex = 1; lastKnownFileType = text.xcconfig; name = "Pods-RandomChat.release.xcconfig"; path = "Pods/Target Support Files/Pods-RandomChat/Pods-RandomChat.release.xcconfig"; sourceTree = "<group>"; };
		A8FAC8A04CF0C02876CE5D30 /* Pods_RandomChat.framework */ = {isa = PBXFileReference; explicitFileType = wrapper.framework; includeInIndex = 0; path = Pods_RandomChat.framework; sourceTree = BUILT_PRODUCTS_DIR; };
/* End PBXFileReference section */

/* Begin PBXFrameworksBuildPhase section */
		6932830720A6CCFF0083EBAE /* Frameworks */ = {
			isa = PBXFrameworksBuildPhase;
			buildActionMask = 2147483647;
			files = (
				98E62E6332BE3E7A195AFB35 /* Pods_RandomChat.framework in Frameworks */,
			);
			runOnlyForDeploymentPostprocessing = 0;
		};
/* End PBXFrameworksBuildPhase section */

/* Begin PBXGroup section */
		52F52F33F88DAD7FA4B804DA /* Pods */ = {
			isa = PBXGroup;
			children = (
				981AFA610BFAA0FD090C44A3 /* Pods-RandomChat.debug.xcconfig */,
				A3DC34E6C3BD70E772C45782 /* Pods-RandomChat.release.xcconfig */,
			);
			name = Pods;
			sourceTree = "<group>";
		};
		6932830120A6CCFF0083EBAE = {
			isa = PBXGroup;
			children = (
				6932830C20A6CCFF0083EBAE /* RandomChat */,
				6932830B20A6CCFF0083EBAE /* Products */,
				52F52F33F88DAD7FA4B804DA /* Pods */,
				91548A2BBB10C990407B5EB7 /* Frameworks */,
			);
			sourceTree = "<group>";
		};
		6932830B20A6CCFF0083EBAE /* Products */ = {
			isa = PBXGroup;
			children = (
				6932830A20A6CCFF0083EBAE /* RandomChat.app */,
			);
			name = Products;
			sourceTree = "<group>";
		};
		6932830C20A6CCFF0083EBAE /* RandomChat */ = {
			isa = PBXGroup;
			children = (
				16D66BFC20AA429E00780CF9 /* GoogleService-Info.plist */,
				6932830D20A6CCFF0083EBAE /* AppDelegate.swift */,
				6932830F20A6CCFF0083EBAE /* ViewController.swift */,
				6938607120B2AA7F00B65439 /* CreateRoomViewController.swift */,
				6938607320B2AFC800B65439 /* RoomsViewController.swift */,
				6938607520B2B05400B65439 /* SettingsViewController.swift */,
				692FBCF420AD3CC4005B6E67 /* Main.storyboard */,
				6932831420A6CCFF0083EBAE /* Assets.xcassets */,
				6932831620A6CCFF0083EBAE /* LaunchScreen.storyboard */,
				6932831920A6CCFF0083EBAE /* Info.plist */,
			);
			path = RandomChat;
			sourceTree = "<group>";
		};
		91548A2BBB10C990407B5EB7 /* Frameworks */ = {
			isa = PBXGroup;
			children = (
				A8FAC8A04CF0C02876CE5D30 /* Pods_RandomChat.framework */,
			);
			name = Frameworks;
			sourceTree = "<group>";
		};
/* End PBXGroup section */

/* Begin PBXNativeTarget section */
		6932830920A6CCFF0083EBAE /* RandomChat */ = {
			isa = PBXNativeTarget;
			buildConfigurationList = 6932831C20A6CCFF0083EBAE /* Build configuration list for PBXNativeTarget "RandomChat" */;
			buildPhases = (
				3B4B9739108CC983E35F759F /* [CP] Check Pods Manifest.lock */,
				6932830620A6CCFF0083EBAE /* Sources */,
				6932830720A6CCFF0083EBAE /* Frameworks */,
				6932830820A6CCFF0083EBAE /* Resources */,
				114ECED199AE492CBA312205 /* [CP] Embed Pods Frameworks */,
			);
			buildRules = (
			);
			dependencies = (
			);
			name = RandomChat;
			productName = RandomChat;
			productReference = 6932830A20A6CCFF0083EBAE /* RandomChat.app */;
			productType = "com.apple.product-type.application";
		};
/* End PBXNativeTarget section */

/* Begin PBXProject section */
		6932830220A6CCFF0083EBAE /* Project object */ = {
			isa = PBXProject;
			attributes = {
				LastSwiftUpdateCheck = 0920;
				LastUpgradeCheck = 0920;
				ORGANIZATIONNAME = toantt;
				TargetAttributes = {
					6932830920A6CCFF0083EBAE = {
						CreatedOnToolsVersion = 9.2;
						ProvisioningStyle = Automatic;
					};
				};
			};
			buildConfigurationList = 6932830520A6CCFF0083EBAE /* Build configuration list for PBXProject "RandomChat" */;
			compatibilityVersion = "Xcode 8.0";
			developmentRegion = en;
			hasScannedForEncodings = 0;
			knownRegions = (
				en,
				Base,
			);
			mainGroup = 6932830120A6CCFF0083EBAE;
			productRefGroup = 6932830B20A6CCFF0083EBAE /* Products */;
			projectDirPath = "";
			projectRoot = "";
			targets = (
				6932830920A6CCFF0083EBAE /* RandomChat */,
			);
		};
/* End PBXProject section */

/* Begin PBXResourcesBuildPhase section */
		6932830820A6CCFF0083EBAE /* Resources */ = {
			isa = PBXResourcesBuildPhase;
			buildActionMask = 2147483647;
			files = (
				6932831820A6CCFF0083EBAE /* LaunchScreen.storyboard in Resources */,
				692FBCF520AD3CC4005B6E67 /* Main.storyboard in Resources */,
				16D66BFD20AA429E00780CF9 /* GoogleService-Info.plist in Resources */,
				6932831520A6CCFF0083EBAE /* Assets.xcassets in Resources */,
			);
			runOnlyForDeploymentPostprocessing = 0;
		};
/* End PBXResourcesBuildPhase section */

/* Begin PBXShellScriptBuildPhase section */
		114ECED199AE492CBA312205 /* [CP] Embed Pods Frameworks */ = {
			isa = PBXShellScriptBuildPhase;
			buildActionMask = 2147483647;
			files = (
			);
			inputPaths = (
				"${SRCROOT}/Pods/Target Support Files/Pods-RandomChat/Pods-RandomChat-frameworks.sh",
				"${BUILT_PRODUCTS_DIR}/GTMSessionFetcher/GTMSessionFetcher.framework",
				"${BUILT_PRODUCTS_DIR}/GoogleToolboxForMac/GoogleToolboxForMac.framework",
				"${BUILT_PRODUCTS_DIR}/leveldb-library/leveldb.framework",
				"${BUILT_PRODUCTS_DIR}/nanopb/nanopb.framework",
			);
			name = "[CP] Embed Pods Frameworks";
			outputPaths = (
				"${TARGET_BUILD_DIR}/${FRAMEWORKS_FOLDER_PATH}/GTMSessionFetcher.framework",
				"${TARGET_BUILD_DIR}/${FRAMEWORKS_FOLDER_PATH}/GoogleToolboxForMac.framework",
				"${TARGET_BUILD_DIR}/${FRAMEWORKS_FOLDER_PATH}/leveldb.framework",
				"${TARGET_BUILD_DIR}/${FRAMEWORKS_FOLDER_PATH}/nanopb.framework",
			);
			runOnlyForDeploymentPostprocessing = 0;
			shellPath = /bin/sh;
			shellScript = "\"${SRCROOT}/Pods/Target Support Files/Pods-RandomChat/Pods-RandomChat-frameworks.sh\"\n";
			showEnvVarsInLog = 0;
		};
		3B4B9739108CC983E35F759F /* [CP] Check Pods Manifest.lock */ = {
			isa = PBXShellScriptBuildPhase;
			buildActionMask = 2147483647;
			files = (
			);
			inputPaths = (
				"${PODS_PODFILE_DIR_PATH}/Podfile.lock",
				"${PODS_ROOT}/Manifest.lock",
			);
			name = "[CP] Check Pods Manifest.lock";
			outputPaths = (
				"$(DERIVED_FILE_DIR)/Pods-RandomChat-checkManifestLockResult.txt",
			);
			runOnlyForDeploymentPostprocessing = 0;
			shellPath = /bin/sh;
			shellScript = "diff \"${PODS_PODFILE_DIR_PATH}/Podfile.lock\" \"${PODS_ROOT}/Manifest.lock\" > /dev/null\nif [ $? != 0 ] ; then\n    # print error to STDERR\n    echo \"error: The sandbox is not in sync with the Podfile.lock. Run 'pod install' or update your CocoaPods installation.\" >&2\n    exit 1\nfi\n# This output is used by Xcode 'outputs' to avoid re-running this script phase.\necho \"SUCCESS\" > \"${SCRIPT_OUTPUT_FILE_0}\"\n";
			showEnvVarsInLog = 0;
		};
/* End PBXShellScriptBuildPhase section */

/* Begin PBXSourcesBuildPhase section */
		6932830620A6CCFF0083EBAE /* Sources */ = {
			isa = PBXSourcesBuildPhase;
			buildActionMask = 2147483647;
			files = (
				6932831020A6CCFF0083EBAE /* ViewController.swift in Sources */,
				6938607220B2AA7F00B65439 /* CreateRoomViewController.swift in Sources */,
				6932830E20A6CCFF0083EBAE /* AppDelegate.swift in Sources */,
				6938607620B2B05400B65439 /* SettingsViewController.swift in Sources */,
				6938607420B2AFC800B65439 /* RoomsViewController.swift in Sources */,
			);
			runOnlyForDeploymentPostprocessing = 0;
		};
/* End PBXSourcesBuildPhase section */

/* Begin PBXVariantGroup section */
		6932831620A6CCFF0083EBAE /* LaunchScreen.storyboard */ = {
			isa = PBXVariantGroup;
			children = (
				6932831720A6CCFF0083EBAE /* Base */,
			);
			name = LaunchScreen.storyboard;
			sourceTree = "<group>";
		};
/* End PBXVariantGroup section */

/* Begin XCBuildConfiguration section */
		6932831A20A6CCFF0083EBAE /* Debug */ = {
			isa = XCBuildConfiguration;
			buildSettings = {
				ALWAYS_SEARCH_USER_PATHS = NO;
				CLANG_ANALYZER_NONNULL = YES;
				CLANG_ANALYZER_NUMBER_OBJECT_CONVERSION = YES_AGGRESSIVE;
				CLANG_CXX_LANGUAGE_STANDARD = "gnu++14";
				CLANG_CXX_LIBRARY = "libc++";
				CLANG_ENABLE_MODULES = YES;
				CLANG_ENABLE_OBJC_ARC = YES;
				CLANG_WARN_BLOCK_CAPTURE_AUTORELEASING = YES;
				CLANG_WARN_BOOL_CONVERSION = YES;
				CLANG_WARN_COMMA = YES;
				CLANG_WARN_CONSTANT_CONVERSION = YES;
				CLANG_WARN_DIRECT_OBJC_ISA_USAGE = YES_ERROR;
				CLANG_WARN_DOCUMENTATION_COMMENTS = YES;
				CLANG_WARN_EMPTY_BODY = YES;
				CLANG_WARN_ENUM_CONVERSION = YES;
				CLANG_WARN_INFINITE_RECURSION = YES;
				CLANG_WARN_INT_CONVERSION = YES;
				CLANG_WARN_NON_LITERAL_NULL_CONVERSION = YES;
				CLANG_WARN_OBJC_LITERAL_CONVERSION = YES;
				CLANG_WARN_OBJC_ROOT_CLASS = YES_ERROR;
				CLANG_WARN_RANGE_LOOP_ANALYSIS = YES;
				CLANG_WARN_STRICT_PROTOTYPES = YES;
				CLANG_WARN_SUSPICIOUS_MOVE = YES;
				CLANG_WARN_UNGUARDED_AVAILABILITY = YES_AGGRESSIVE;
				CLANG_WARN_UNREACHABLE_CODE = YES;
				CLANG_WARN__DUPLICATE_METHOD_MATCH = YES;
				CODE_SIGN_IDENTITY = "iPhone Developer";
				COPY_PHASE_STRIP = NO;
				DEBUG_INFORMATION_FORMAT = dwarf;
				ENABLE_STRICT_OBJC_MSGSEND = YES;
				ENABLE_TESTABILITY = YES;
				GCC_C_LANGUAGE_STANDARD = gnu11;
				GCC_DYNAMIC_NO_PIC = NO;
				GCC_NO_COMMON_BLOCKS = YES;
				GCC_OPTIMIZATION_LEVEL = 0;
				GCC_PREPROCESSOR_DEFINITIONS = (
					"DEBUG=1",
					"$(inherited)",
				);
				GCC_WARN_64_TO_32_BIT_CONVERSION = YES;
				GCC_WARN_ABOUT_RETURN_TYPE = YES_ERROR;
				GCC_WARN_UNDECLARED_SELECTOR = YES;
				GCC_WARN_UNINITIALIZED_AUTOS = YES_AGGRESSIVE;
				GCC_WARN_UNUSED_FUNCTION = YES;
				GCC_WARN_UNUSED_VARIABLE = YES;
				IPHONEOS_DEPLOYMENT_TARGET = 11.2;
				MTL_ENABLE_DEBUG_INFO = YES;
				ONLY_ACTIVE_ARCH = YES;
				SDKROOT = iphoneos;
				SWIFT_ACTIVE_COMPILATION_CONDITIONS = DEBUG;
				SWIFT_OPTIMIZATION_LEVEL = "-Onone";
			};
			name = Debug;
		};
		6932831B20A6CCFF0083EBAE /* Release */ = {
			isa = XCBuildConfiguration;
			buildSettings = {
				ALWAYS_SEARCH_USER_PATHS = NO;
				CLANG_ANALYZER_NONNULL = YES;
				CLANG_ANALYZER_NUMBER_OBJECT_CONVERSION = YES_AGGRESSIVE;
				CLANG_CXX_LANGUAGE_STANDARD = "gnu++14";
				CLANG_CXX_LIBRARY = "libc++";
				CLANG_ENABLE_MODULES = YES;
				CLANG_ENABLE_OBJC_ARC = YES;
				CLANG_WARN_BLOCK_CAPTURE_AUTORELEASING = YES;
				CLANG_WARN_BOOL_CONVERSION = YES;
				CLANG_WARN_COMMA = YES;
				CLANG_WARN_CONSTANT_CONVERSION = YES;
				CLANG_WARN_DIRECT_OBJC_ISA_USAGE = YES_ERROR;
				CLANG_WARN_DOCUMENTATION_COMMENTS = YES;
				CLANG_WARN_EMPTY_BODY = YES;
				CLANG_WARN_ENUM_CONVERSION = YES;
				CLANG_WARN_INFINITE_RECURSION = YES;
				CLANG_WARN_INT_CONVERSION = YES;
				CLANG_WARN_NON_LITERAL_NULL_CONVERSION = YES;
				CLANG_WARN_OBJC_LITERAL_CONVERSION = YES;
				CLANG_WARN_OBJC_ROOT_CLASS = YES_ERROR;
				CLANG_WARN_RANGE_LOOP_ANALYSIS = YES;
				CLANG_WARN_STRICT_PROTOTYPES = YES;
				CLANG_WARN_SUSPICIOUS_MOVE = YES;
				CLANG_WARN_UNGUARDED_AVAILABILITY = YES_AGGRESSIVE;
				CLANG_WARN_UNREACHABLE_CODE = YES;
				CLANG_WARN__DUPLICATE_METHOD_MATCH = YES;
				CODE_SIGN_IDENTITY = "iPhone Developer";
				COPY_PHASE_STRIP = NO;
				DEBUG_INFORMATION_FORMAT = "dwarf-with-dsym";
				ENABLE_NS_ASSERTIONS = NO;
				ENABLE_STRICT_OBJC_MSGSEND = YES;
				GCC_C_LANGUAGE_STANDARD = gnu11;
				GCC_NO_COMMON_BLOCKS = YES;
				GCC_WARN_64_TO_32_BIT_CONVERSION = YES;
				GCC_WARN_ABOUT_RETURN_TYPE = YES_ERROR;
				GCC_WARN_UNDECLARED_SELECTOR = YES;
				GCC_WARN_UNINITIALIZED_AUTOS = YES_AGGRESSIVE;
				GCC_WARN_UNUSED_FUNCTION = YES;
				GCC_WARN_UNUSED_VARIABLE = YES;
				IPHONEOS_DEPLOYMENT_TARGET = 11.2;
				MTL_ENABLE_DEBUG_INFO = NO;
				SDKROOT = iphoneos;
				SWIFT_OPTIMIZATION_LEVEL = "-Owholemodule";
				VALIDATE_PRODUCT = YES;
			};
			name = Release;
		};
		6932831D20A6CCFF0083EBAE /* Debug */ = {
			isa = XCBuildConfiguration;
			baseConfigurationReference = 981AFA610BFAA0FD090C44A3 /* Pods-RandomChat.debug.xcconfig */;
			buildSettings = {
				ASSETCATALOG_COMPILER_APPICON_NAME = AppIcon;
				CODE_SIGN_STYLE = Automatic;
				INFOPLIST_FILE = RandomChat/Info.plist;
				LD_RUNPATH_SEARCH_PATHS = "$(inherited) @executable_path/Frameworks";
				PRODUCT_BUNDLE_IDENTIFIER = com.toantt.RandomChat;
				PRODUCT_NAME = "$(TARGET_NAME)";
				SWIFT_VERSION = 4.0;
				TARGETED_DEVICE_FAMILY = "1,2";
			};
			name = Debug;
		};
		6932831E20A6CCFF0083EBAE /* Release */ = {
			isa = XCBuildConfiguration;
			baseConfigurationReference = A3DC34E6C3BD70E772C45782 /* Pods-RandomChat.release.xcconfig */;
			buildSettings = {
				ASSETCATALOG_COMPILER_APPICON_NAME = AppIcon;
				CODE_SIGN_STYLE = Automatic;
				INFOPLIST_FILE = RandomChat/Info.plist;
				LD_RUNPATH_SEARCH_PATHS = "$(inherited) @executable_path/Frameworks";
				PRODUCT_BUNDLE_IDENTIFIER = com.toantt.RandomChat;
				PRODUCT_NAME = "$(TARGET_NAME)";
				SWIFT_VERSION = 4.0;
				TARGETED_DEVICE_FAMILY = "1,2";
			};
			name = Release;
		};
/* End XCBuildConfiguration section */

/* Begin XCConfigurationList section */
		6932830520A6CCFF0083EBAE /* Build configuration list for PBXProject "RandomChat" */ = {
			isa = XCConfigurationList;
			buildConfigurations = (
				6932831A20A6CCFF0083EBAE /* Debug */,
				6932831B20A6CCFF0083EBAE /* Release */,
			);
			defaultConfigurationIsVisible = 0;
			defaultConfigurationName = Release;
		};
		6932831C20A6CCFF0083EBAE /* Build configuration list for PBXNativeTarget "RandomChat" */ = {
			isa = XCConfigurationList;
			buildConfigurations = (
				6932831D20A6CCFF0083EBAE /* Debug */,
				6932831E20A6CCFF0083EBAE /* Release */,
			);
			defaultConfigurationIsVisible = 0;
			defaultConfigurationName = Release;
		};
/* End XCConfigurationList section */
	};
	rootObject = 6932830220A6CCFF0083EBAE /* Project object */;
}
